
Microsoft Visual Studio Solution File, Format Version 12.00
# Visual Studio Version 16
VisualStudioVersion = 16.0.32428.217
MinimumVisualStudioVersion = 10.0.40219.1
Project("{FAE04EC0-301F-11D3-BF4B-00C04F79EFBC}") = "Peliculas_y_Actores", "Peliculas_y_Actores\Peliculas_y_Actores.csproj", "{30695256-6373-492E-82D6-BC0F7A0CCA5C}"
EndProject
Global
	GlobalSection(SolutionConfigurationPlatforms) = preSolution
		Debug|Any CPU = Debug|Any CPU
		Release|Any CPU = Release|Any CPU
	EndGlobalSection
	GlobalSection(ProjectConfigurationPlatforms) = postSolution
		{30695256-6373-492E-82D6-BC0F7A0CCA5C}.Debug|Any CPU.ActiveCfg = Debug|Any CPU
		{30695256-6373-492E-82D6-BC0F7A0CCA5C}.Debug|Any CPU.Build.0 = Debug|Any CPU
		{30695256-6373-492E-82D6-BC0F7A0CCA5C}.Release|Any CPU.ActiveCfg = Release|Any CPU
		{30695256-6373-492E-82D6-BC0F7A0CCA5C}.Release|Any CPU.Build.0 = Release|Any CPU
	EndGlobalSection
	GlobalSection(SolutionProperties) = preSolution
		HideSolutionNode = FALSE
	EndGlobalSection
	GlobalSection(ExtensibilityGlobals) = postSolution
		SolutionGuid = {4F5396D2-9F50-4EB6-BEB5-960270339891}
	EndGlobalSection
EndGlobal
